Microsoft Visual Studio Solution File, Format Version 12.00
# Visual Studio Version 17
VisualStudioVersion = 17.5.2.0
MinimumVisualStudioVersion = 10.0.40219.1
Project("{FAE04EC0-301F-11D3-BF4B-00C04F79EFBC}") = "Alpha_Mvc", "Alpha_Mvc\Alpha_Mvc.csproj", "{EA397DC3-0A4F-BE74-AA46-A34ECC66189C}"
EndProject
Project("{FAE04EC0-301F-11D3-BF4B-00C04F79EFBC}") = "Data", "Data\Data\Data.csproj", "{5883A313-CD08-4F9B-874A-EFEBC6F61129}"
EndProject
Project("{FAE04EC0-301F-11D3-BF4B-00C04F79EFBC}") = "Business", "Business\Business.csproj", "{F4F2694A-4279-4B1D-BDBE-F5397C89EE3A}"
EndProject
Project("{FAE04EC0-301F-11D3-BF4B-00C04F79EFBC}") = "Domain", "Domain\Domain.csproj", "{782F7AC9-AF9D-4DA3-B2C3-227C6C88B591}"
EndProject
Global
	GlobalSection(SolutionConfigurationPlatforms) = preSolution
		Debug|Any CPU = Debug|Any CPU
		Release|Any CPU = Release|Any CPU
	EndGlobalSection
	GlobalSection(ProjectConfigurationPlatforms) = postSolution
		{EA397DC3-0A4F-BE74-AA46-A34ECC66189C}.Debug|Any CPU.ActiveCfg = Debug|Any CPU
		{EA397DC3-0A4F-BE74-AA46-A34ECC66189C}.Debug|Any CPU.Build.0 = Debug|Any CPU
		{EA397DC3-0A4F-BE74-AA46-A34ECC66189C}.Release|Any CPU.ActiveCfg = Release|Any CPU
		{EA397DC3-0A4F-BE74-AA46-A34ECC66189C}.Release|Any CPU.Build.0 = Release|Any CPU
		{5883A313-CD08-4F9B-874A-EFEBC6F61129}.Debug|Any CPU.ActiveCfg = Debug|Any CPU
		{5883A313-CD08-4F9B-874A-EFEBC6F61129}.Debug|Any CPU.Build.0 = Debug|Any CPU
		{5883A313-CD08-4F9B-874A-EFEBC6F61129}.Release|Any CPU.ActiveCfg = Release|Any CPU
		{5883A313-CD08-4F9B-874A-EFEBC6F61129}.Release|Any CPU.Build.0 = Release|Any CPU
		{F4F2694A-4279-4B1D-BDBE-F5397C89EE3A}.Debug|Any CPU.ActiveCfg = Debug|Any CPU
		{F4F2694A-4279-4B1D-BDBE-F5397C89EE3A}.Debug|Any CPU.Build.0 = Debug|Any CPU
		{F4F2694A-4279-4B1D-BDBE-F5397C89EE3A}.Release|Any CPU.ActiveCfg = Release|Any CPU
		{F4F2694A-4279-4B1D-BDBE-F5397C89EE3A}.Release|Any CPU.Build.0 = Release|Any CPU
		{782F7AC9-AF9D-4DA3-B2C3-227C6C88B591}.Debug|Any CPU.ActiveCfg = Debug|Any CPU
		{782F7AC9-AF9D-4DA3-B2C3-227C6C88B591}.Debug|Any CPU.Build.0 = Debug|Any CPU
		{782F7AC9-AF9D-4DA3-B2C3-227C6C88B591}.Release|Any CPU.ActiveCfg = Release|Any CPU
		{782F7AC9-AF9D-4DA3-B2C3-227C6C88B591}.Release|Any CPU.Build.0 = Release|Any CPU
	EndGlobalSection
	GlobalSection(SolutionProperties) = preSolution
		HideSolutionNode = FALSE
	EndGlobalSection
	GlobalSection(ExtensibilityGlobals) = postSolution
		SolutionGuid = {71151B54-0A66-47BB-824C-F084B1FFED66}
	EndGlobalSection
EndGlobal
